
Microsoft Visual Studio Solution File, Format Version 12.00
# Visual Studio Version 16
VisualStudioVersion = 16.0.29806.167
MinimumVisualStudioVersion = 10.0.40219.1
Project("{FAE04EC0-301F-11D3-BF4B-00C04F79EFBC}") = "Stripwinkel56", "Stripwinkel56\Stripwinkel56.csproj", "{4B6659EC-3E45-4DB3-ADAB-7E422BFA087D}"
EndProject
Global
	GlobalSection(SolutionConfigurationPlatforms) = preSolution
		Debug|Any CPU = Debug|Any CPU
		Release|Any CPU = Release|Any CPU
	EndGlobalSection
	GlobalSection(ProjectConfigurationPlatforms) = postSolution
		{4B6659EC-3E45-4DB3-ADAB-7E422BFA087D}.Debug|Any CPU.ActiveCfg = Debug|Any CPU
		{4B6659EC-3E45-4DB3-ADAB-7E422BFA087D}.Debug|Any CPU.Build.0 = Debug|Any CPU
		{4B6659EC-3E45-4DB3-ADAB-7E422BFA087D}.Release|Any CPU.ActiveCfg = Release|Any CPU
		{4B6659EC-3E45-4DB3-ADAB-7E422BFA087D}.Release|Any CPU.Build.0 = Release|Any CPU
	EndGlobalSection
	GlobalSection(SolutionProperties) = preSolution
		HideSolutionNode = FALSE
	EndGlobalSection
	GlobalSection(ExtensibilityGlobals) = postSolution
		SolutionGuid = {162BC2C0-5967-425A-87C5-F04466FF7D58}
	EndGlobalSection
EndGlobal
